Microsoft Visual Studio Solution File, Format Version 12.00
# Visual Studio Version 17
VisualStudioVersion = 17.5.2.0
MinimumVisualStudioVersion = 10.0.40219.1
Project("{2150E333-8FDC-42A3-9474-1A3956D46DE8}") = "api", "api", "{D82C56D6-B2CD-F611-9E31-04638F7EC30E}"
EndProject
Project("{FAE04EC0-301F-11D3-BF4B-00C04F79EFBC}") = "FoodPricePredictor", "api\FoodPricePredictor\FoodPricePredictor.csproj", "{114BB798-98BB-9C3A-1D32-4AE63F80B18E}"
EndProject
Global
	GlobalSection(SolutionConfigurationPlatforms) = preSolution
		Debug|Any CPU = Debug|Any CPU
		Release|Any CPU = Release|Any CPU
	EndGlobalSection
	GlobalSection(ProjectConfigurationPlatforms) = postSolution
		{114BB798-98BB-9C3A-1D32-4AE63F80B18E}.Debug|Any CPU.ActiveCfg = Debug|Any CPU
		{114BB798-98BB-9C3A-1D32-4AE63F80B18E}.Debug|Any CPU.Build.0 = Debug|Any CPU
		{114BB798-98BB-9C3A-1D32-4AE63F80B18E}.Release|Any CPU.ActiveCfg = Release|Any CPU
		{114BB798-98BB-9C3A-1D32-4AE63F80B18E}.Release|Any CPU.Build.0 = Release|Any CPU
	EndGlobalSection
	GlobalSection(SolutionProperties) = preSolution
		HideSolutionNode = FALSE
	EndGlobalSection
	GlobalSection(NestedProjects) = preSolution
		{114BB798-98BB-9C3A-1D32-4AE63F80B18E} = {D82C56D6-B2CD-F611-9E31-04638F7EC30E}
	EndGlobalSection
	GlobalSection(ExtensibilityGlobals) = postSolution
		SolutionGuid = {04CE72A7-D933-4746-9671-CFAA5D95CB54}
	EndGlobalSection
EndGlobal
